// !$*UTF8*$!
{
	archiveVersion = 1;
	classes = {
	};
	objectVersion = 46;
	objects = {

/* Begin PBXBuildFile section */
		00A9378B1E358C1100DF3408 /* AppDelegate.swift in Sources */ = {isa = PBXBuildFile; fileRef = 00A9378A1E358C1100DF3408 /* AppDelegate.swift */; };
		00A9378D1E358C1100DF3408 /* ViewController.swift in Sources */ = {isa = PBXBuildFile; fileRef = 00A9378C1E358C1100DF3408 /* ViewController.swift */; };
		00A937901E358C1100DF3408 /* Main.storyboard in Resources */ = {isa = PBXBuildFile; fileRef = 00A9378E1E358C1100DF3408 /* Main.storyboard */; };
		00A937921E358C1100DF3408 /* Assets.xcassets in Resources */ = {isa = PBXBuildFile; fileRef = 00A937911E358C1100DF3408 /* Assets.xcassets */; };
		00A937951E358C1100DF3408 /* LaunchScreen.storyboard in Resources */ = {isa = PBXBuildFile; fileRef = 00A937931E358C1100DF3408 /* LaunchScreen.storyboard */; };
		00A937A01E358C1100DF3408 /* BeaconsTests.swift in Sources */ = {isa = PBXBuildFile; fileRef = 00A9379F1E358C1100DF3408 /* BeaconsTests.swift */; };
		00A937AB1E358C1100DF3408 /* BeaconsUITests.swift in Sources */ = {isa = PBXBuildFile; fileRef = 00A937AA1E358C1100DF3408 /* BeaconsUITests.swift */; };
/* End PBXBuildFile section */

/* Begin PBXContainerItemProxy section */
		00A9379C1E358C1100DF3408 /* PBXContainerItemProxy */ = {
			isa = PBXContainerItemProxy;
			containerPortal = 00A9377F1E358C1000DF3408 /* Project object */;
			proxyType = 1;
			remoteGlobalIDString = 00A937861E358C1000DF3408;
			remoteInfo = Beacons;
		};
		00A937A71E358C1100DF3408 /* PBXContainerItemProxy */ = {
			isa = PBXContainerItemProxy;
			containerPortal = 00A9377F1E358C1000DF3408 /* Project object */;
			proxyType = 1;
			remoteGlobalIDString = 00A937861E358C1000DF3408;
			remoteInfo = Beacons;
		};
/* End PBXContainerItemProxy section */

/* Begin PBXFileReference section */
		00A937871E358C1100DF3408 /* Beacons.app */ = {isa = PBXFileReference; explicitFileType = wrapper.application; includeInIndex = 0; path = Beacons.app; sourceTree = BUILT_PRODUCTS_DIR; };
		00A9378A1E358C1100DF3408 /* AppDelegate.swift */ = {isa = PBXFileReference; lastKnownFileType = sourcecode.swift; path = AppDelegate.swift; sourceTree = "<group>"; };
		00A9378C1E358C1100DF3408 /* ViewController.swift */ = {isa = PBXFileReference; lastKnownFileType = sourcecode.swift; path = ViewController.swift; sourceTree = "<group>"; };
		00A9378F1E358C1100DF3408 /* Base */ = {isa = PBXFileReference; lastKnownFileType = file.storyboard; name = Base; path = Base.lproj/Main.storyboard; sourceTree = "<group>"; };
		00A937911E358C1100DF3408 /* Assets.xcassets */ = {isa = PBXFileReference; lastKnownFileType = folder.assetcatalog; path = Assets.xcassets; sourceTree = "<group>"; };
		00A937941E358C1100DF3408 /* Base */ = {isa = PBXFileReference; lastKnownFileType = file.storyboard; name = Base; path = Base.lproj/LaunchScreen.storyboard; sourceTree = "<group>"; };
		00A937961E358C1100DF3408 /* Info.plist */ = {isa = PBXFileReference; lastKnownFileType = text.plist.xml; path = Info.plist; sourceTree = "<group>"; };
		00A9379B1E358C1100DF3408 /* BeaconsTests.xctest */ = {isa = PBXFileReference; explicitFileType = wrapper.cfbundle; includeInIndex = 0; path = BeaconsTests.xctest; sourceTree = BUILT_PRODUCTS_DIR; };
		00A9379F1E358C1100DF3408 /* BeaconsTests.swift */ = {isa = PBXFileReference; lastKnownFileType = sourcecode.swift; path = BeaconsTests.swift; sourceTree = "<group>"; };
		00A937A11E358C1100DF3408 /* Info.plist */ = {isa = PBXFileReference; lastKnownFileType = text.plist.xml; path = Info.plist; sourceTree = "<group>"; };
		00A937A61E358C1100DF3408 /* BeaconsUITests.xctest */ = {isa = PBXFileReference; explicitFileType = wrapper.cfbundle; includeInIndex = 0; path = BeaconsUITests.xctest; sourceTree = BUILT_PRODUCTS_DIR; };
		00A937AA1E358C1100DF3408 /* BeaconsUITests.swift */ = {isa = PBXFileReference; lastKnownFileType = sourcecode.swift; path = BeaconsUITests.swift; sourceTree = "<group>"; };
		00A937AC1E358C1100DF3408 /* Info.plist */ = {isa = PBXFileReference; lastKnownFileType = text.plist.xml; path = Info.plist; sourceTree = "<group>"; };
/* End PBXFileReference section */

/* Begin PBXFrameworksBuildPhase section */
		00A937841E358C1000DF3408 /* Frameworks */ = {
			isa = PBXFrameworksBuildPhase;
			buildActionMask = 2147483647;
			files = (
			);
			runOnlyForDeploymentPostprocessing = 0;
		};
		00A937981E358C1100DF3408 /* Frameworks */ = {
			isa = PBXFrameworksBuildPhase;
			buildActionMask = 2147483647;
			files = (
			);
			runOnlyForDeploymentPostprocessing = 0;
		};
		00A937A31E358C1100DF3408 /* Frameworks */ = {
			isa = PBXFrameworksBuildPhase;
			buildActionMask = 2147483647;
			files = (
			);
			runOnlyForDeploymentPostprocessing = 0;
		};
/* End PBXFrameworksBuildPhase section */

/* Begin PBXGroup section */
		00A9377E1E358C1000DF3408 = {
			isa = PBXGroup;
			children = (
				00A937891E358C1100DF3408 /* Beacons */,
				00A9379E1E358C1100DF3408 /* BeaconsTests */,
				00A937A91E358C1100DF3408 /* BeaconsUITests */,
				00A937881E358C1100DF3408 /* Products */,
			);
			sourceTree = "<group>";
		};
		00A937881E358C1100DF3408 /* Products */ = {
			isa = PBXGroup;
			children = (
				00A937871E358C1100DF3408 /* Beacons.app */,
				00A9379B1E358C1100DF3408 /* BeaconsTests.xctest */,
				00A937A61E358C1100DF3408 /* BeaconsUITests.xctest */,
			);
			name = Products;
			sourceTree = "<group>";
		};
		00A937891E358C1100DF3408 /* Beacons */ = {
			isa = PBXGroup;
			children = (
				00A9378A1E358C1100DF3408 /* AppDelegate.swift */,
				00A9378C1E358C1100DF3408 /* ViewController.swift */,
				00A9378E1E358C1100DF3408 /* Main.storyboard */,
				00A937911E358C1100DF3408 /* Assets.xcassets */,
				00A937931E358C1100DF3408 /* LaunchScreen.storyboard */,
				00A937961E358C1100DF3408 /* Info.plist */,
			);
			path = Beacons;
			sourceTree = "<group>";
		};
		00A9379E1E358C1100DF3408 /* BeaconsTests */ = {
			isa = PBXGroup;
			children = (
				00A9379F1E358C1100DF3408 /* BeaconsTests.swift */,
				00A937A11E358C1100DF3408 /* Info.plist */,
			);
			path = BeaconsTests;
			sourceTree = "<group>";
		};
		00A937A91E358C1100DF3408 /* BeaconsUITests */ = {
			isa = PBXGroup;
			children = (
				00A937AA1E358C1100DF3408 /* BeaconsUITests.swift */,
				00A937AC1E358C1100DF3408 /* Info.plist */,
			);
			path = BeaconsUITests;
			sourceTree = "<group>";
		};
/* End PBXGroup section */

/* Begin PBXNativeTarget section */
		00A937861E358C1000DF3408 /* Beacons */ = {
			isa = PBXNativeTarget;
			buildConfigurationList = 00A937AF1E358C1100DF3408 /* Build configuration list for PBXNativeTarget "Beacons" */;
			buildPhases = (
				00A937831E358C1000DF3408 /* Sources */,
				00A937841E358C1000DF3408 /* Frameworks */,
				00A937851E358C1000DF3408 /* Resources */,
			);
			buildRules = (
			);
			dependencies = (
			);
			name = Beacons;
			productName = Beacons;
			productReference = 00A937871E358C1100DF3408 /* Beacons.app */;
			productType = "com.apple.product-type.application";
		};
		00A9379A1E358C1100DF3408 /* BeaconsTests */ = {
			isa = PBXNativeTarget;
			buildConfigurationList = 00A937B21E358C1100DF3408 /* Build configuration list for PBXNativeTarget "BeaconsTests" */;
			buildPhases = (
				00A937971E358C1100DF3408 /* Sources */,
				00A937981E358C1100DF3408 /* Frameworks */,
				00A937991E358C1100DF3408 /* Resources */,
			);
			buildRules = (
			);
			dependencies = (
				00A9379D1E358C1100DF3408 /* PBXTargetDependency */,
			);
			name = BeaconsTests;
			productName = BeaconsTests;
			productReference = 00A9379B1E358C1100DF3408 /* BeaconsTests.xctest */;
			productType = "com.apple.product-type.bundle.unit-test";
		};
		00A937A51E358C1100DF3408 /* BeaconsUITests */ = {
			isa = PBXNativeTarget;
			buildConfigurationList = 00A937B51E358C1100DF3408 /* Build configuration list for PBXNativeTarget "BeaconsUITests" */;
			buildPhases = (
				00A937A21E358C1100DF3408 /* Sources */,
				00A937A31E358C1100DF3408 /* Frameworks */,
				00A937A41E358C1100DF3408 /* Resources */,
			);
			buildRules = (
			);
			dependencies = (
				00A937A81E358C1100DF3408 /* PBXTargetDependency */,
			);
			name = BeaconsUITests;
			productName = BeaconsUITests;
			productReference = 00A937A61E358C1100DF3408 /* BeaconsUITests.xctest */;
			productType = "com.apple.product-type.bundle.ui-testing";
		};
/* End PBXNativeTarget section */

/* Begin PBXProject section */
		00A9377F1E358C1000DF3408 /* Project object */ = {
			isa = PBXProject;
			attributes = {
				LastSwiftUpdateCheck = 0820;
				LastUpgradeCheck = 0820;
				ORGANIZATIONNAME = zbrowne;
				TargetAttributes = {
					00A937861E358C1000DF3408 = {
						CreatedOnToolsVersion = 8.2.1;
						DevelopmentTeam = M2Q2S3Y7XA;
						ProvisioningStyle = Automatic;
					};
					00A9379A1E358C1100DF3408 = {
						CreatedOnToolsVersion = 8.2.1;
						DevelopmentTeam = M2Q2S3Y7XA;
						ProvisioningStyle = Automatic;
						TestTargetID = 00A937861E358C1000DF3408;
					};
					00A937A51E358C1100DF3408 = {
						CreatedOnToolsVersion = 8.2.1;
						DevelopmentTeam = M2Q2S3Y7XA;
						ProvisioningStyle = Automatic;
						TestTargetID = 00A937861E358C1000DF3408;
					};
				};
			};
			buildConfigurationList = 00A937821E358C1000DF3408 /* Build configuration list for PBXProject "Beacons" */;
			compatibilityVersion = "Xcode 3.2";
			developmentRegion = English;
			hasScannedForEncodings = 0;
			knownRegions = (
				en,
				Base,
			);
			mainGroup = 00A9377E1E358C1000DF3408;
			productRefGroup = 00A937881E358C1100DF3408 /* Products */;
			projectDirPath = "";
			projectRoot = "";
			targets = (
				00A937861E358C1000DF3408 /* Beacons */,
				00A9379A1E358C1100DF3408 /* BeaconsTests */,
				00A937A51E358C1100DF3408 /* BeaconsUITests */,
			);
		};
/* End PBXProject section */

/* Begin PBXResourcesBuildPhase section */
		00A937851E358C1000DF3408 /* Resources */ = {
			isa = PBXResourcesBuildPhase;
			buildActionMask = 2147483647;
			files = (
				00A937951E358C1100DF3408 /* LaunchScreen.storyboard in Resources */,
				00A937921E358C1100DF3408 /* Assets.xcassets in Resources */,
				00A937901E358C1100DF3408 /* Main.storyboard in Resources */,
			);
			runOnlyForDeploymentPostprocessing = 0;
		};
		00A937991E358C1100DF3408 /* Resources */ = {
			isa = PBXResourcesBuildPhase;
			buildActionMask = 2147483647;
			files = (
			);
			runOnlyForDeploymentPostprocessing = 0;
		};
		00A937A41E358C1100DF3408 /* Resources */ = {
			isa = PBXResourcesBuildPhase;
			buildActionMask = 2147483647;
			files = (
			);
			runOnlyForDeploymentPostprocessing = 0;
		};
/* End PBXResourcesBuildPhase section */

/* Begin PBXSourcesBuildPhase section */
		00A937831E358C1000DF3408 /* Sources */ = {
			isa = PBXSourcesBuildPhase;
			buildActionMask = 2147483647;
			files = (
				00A9378D1E358C1100DF3408 /* ViewController.swift in Sources */,
				00A9378B1E358C1100DF3408 /* AppDelegate.swift in Sources */,
			);
			runOnlyForDeploymentPostprocessing = 0;
		};
		00A937971E358C1100DF3408 /* Sources */ = {
			isa = PBXSourcesBuildPhase;
			buildActionMask = 2147483647;
			files = (
				00A937A01E358C1100DF3408 /* BeaconsTests.swift in Sources */,
			);
			runOnlyForDeploymentPostprocessing = 0;
		};
		00A937A21E358C1100DF3408 /* Sources */ = {
			isa = PBXSourcesBuildPhase;
			buildActionMask = 2147483647;
			files = (
				00A937AB1E358C1100DF3408 /* BeaconsUITests.swift in Sources */,
			);
			runOnlyForDeploymentPostprocessing = 0;
		};
/* End PBXSourcesBuildPhase section */

/* Begin PBXTargetDependency section */
		00A9379D1E358C1100DF3408 /* PBXTargetDependency */ = {
			isa = PBXTargetDependency;
			target = 00A937861E358C1000DF3408 /* Beacons */;
			targetProxy = 00A9379C1E358C1100DF3408 /* PBXContainerItemProxy */;
		};
		00A937A81E358C1100DF3408 /* PBXTargetDependency */ = {
			isa = PBXTargetDependency;
			target = 00A937861E358C1000DF3408 /* Beacons */;
			targetProxy = 00A937A71E358C1100DF3408 /* PBXContainerItemProxy */;
		};
/* End PBXTargetDependency section */

/* Begin PBXVariantGroup section */
		00A9378E1E358C1100DF3408 /* Main.storyboard */ = {
			isa = PBXVariantGroup;
			children = (
				00A9378F1E358C1100DF3408 /* Base */,
			);
			name = Main.storyboard;
			sourceTree = "<group>";
		};
		00A937931E358C1100DF3408 /* LaunchScreen.storyboard */ = {
			isa = PBXVariantGroup;
			children = (
				00A937941E358C1100DF3408 /* Base */,
			);
			name = LaunchScreen.storyboard;
			sourceTree = "<group>";
		};
/* End PBXVariantGroup section */

/* Begin XCBuildConfiguration section */
		00A937AD1E358C1100DF3408 /* Debug */ = {
			isa = XCBuildConfiguration;
			buildSettings = {
				ALWAYS_SEARCH_USER_PATHS = NO;
				CLANG_ANALYZER_NONNULL = YES;
				CLANG_CXX_LANGUAGE_STANDARD = "gnu++0x";
				CLANG_CXX_LIBRARY = "libc++";
				CLANG_ENABLE_MODULES = YES;
				CLANG_ENABLE_OBJC_ARC = YES;
				CLANG_WARN_BOOL_CONVERSION = YES;
				CLANG_WARN_CONSTANT_CONVERSION = YES;
				CLANG_WARN_DIRECT_OBJC_ISA_USAGE = YES_ERROR;
				CLANG_WARN_DOCUMENTATION_COMMENTS = YES;
				CLANG_WARN_EMPTY_BODY = YES;
				CLANG_WARN_ENUM_CONVERSION = YES;
				CLANG_WARN_INFINITE_RECURSION = YES;
				CLANG_WARN_INT_CONVERSION = YES;
				CLANG_WARN_OBJC_ROOT_CLASS = YES_ERROR;
				CLANG_WARN_SUSPICIOUS_MOVE = YES;
				CLANG_WARN_UNREACHABLE_CODE = YES;
				CLANG_WARN__DUPLICATE_METHOD_MATCH = YES;
				"CODE_SIGN_IDENTITY[sdk=iphoneos*]" = "iPhone Developer";
				COPY_PHASE_STRIP = NO;
				DEBUG_INFORMATION_FORMAT = dwarf;
				ENABLE_STRICT_OBJC_MSGSEND = YES;
				ENABLE_TESTABILITY = YES;
				GCC_C_LANGUAGE_STANDARD = gnu99;
				GCC_DYNAMIC_NO_PIC = NO;
				GCC_NO_COMMON_BLOCKS = YES;
				GCC_OPTIMIZATION_LEVEL = 0;
				GCC_PREPROCESSOR_DEFINITIONS = (
					"DEBUG=1",
					"$(inherited)",
				);
				GCC_WARN_64_TO_32_BIT_CONVERSION = YES;
				GCC_WARN_ABOUT_RETURN_TYPE = YES_ERROR;
				GCC_WARN_UNDECLARED_SELECTOR = YES;
				GCC_WARN_UNINITIALIZED_AUTOS = YES_AGGRESSIVE;
				GCC_WARN_UNUSED_FUNCTION = YES;
				GCC_WARN_UNUSED_VARIABLE = YES;
				IPHONEOS_DEPLOYMENT_TARGET = 10.2;
				MTL_ENABLE_DEBUG_INFO = YES;
				ONLY_ACTIVE_ARCH = YES;
				SDKROOT = iphoneos;
				SWIFT_ACTIVE_COMPILATION_CONDITIONS = DEBUG;
				SWIFT_OPTIMIZATION_LEVEL = "-Onone";
			};
			name = Debug;
		};
		00A937AE1E358C1100DF3408 /* Release */ = {
			isa = XCBuildConfiguration;
			buildSettings = {
				ALWAYS_SEARCH_USER_PATHS = NO;
				CLANG_ANALYZER_NONNULL = YES;
				CLANG_CXX_LANGUAGE_STANDARD = "gnu++0x";
				CLANG_CXX_LIBRARY = "libc++";
				CLANG_ENABLE_MODULES = YES;
				CLANG_ENABLE_OBJC_ARC = YES;
				CLANG_WARN_BOOL_CONVERSION = YES;
				CLANG_WARN_CONSTANT_CONVERSION = YES;
				CLANG_WARN_DIRECT_OBJC_ISA_USAGE = YES_ERROR;
				CLANG_WARN_DOCUMENTATION_COMMENTS = YES;
				CLANG_WARN_EMPTY_BODY = YES;
				CLANG_WARN_ENUM_CONVERSION = YES;
				CLANG_WARN_INFINITE_RECURSION = YES;
				CLANG_WARN_INT_CONVERSION = YES;
				CLANG_WARN_OBJC_ROOT_CLASS = YES_ERROR;
				CLANG_WARN_SUSPICIOUS_MOVE = YES;
				CLANG_WARN_UNREACHABLE_CODE = YES;
				CLANG_WARN__DUPLICATE_METHOD_MATCH = YES;
				"CODE_SIGN_IDENTITY[sdk=iphoneos*]" = "iPhone Developer";
				COPY_PHASE_STRIP = NO;
				DEBUG_INFORMATION_FORMAT = "dwarf-with-dsym";
				ENABLE_NS_ASSERTIONS = NO;
				ENABLE_STRICT_OBJC_MSGSEND = YES;
				GCC_C_LANGUAGE_STANDARD = gnu99;
				GCC_NO_COMMON_BLOCKS = YES;
				GCC_WARN_64_TO_32_BIT_CONVERSION = YES;
				GCC_WARN_ABOUT_RETURN_TYPE = YES_ERROR;
				GCC_WARN_UNDECLARED_SELECTOR = YES;
				GCC_WARN_UNINITIALIZED_AUTOS = YES_AGGRESSIVE;
				GCC_WARN_UNUSED_FUNCTION = YES;
				GCC_WARN_UNUSED_VARIABLE = YES;
				IPHONEOS_DEPLOYMENT_TARGET = 10.2;
				MTL_ENABLE_DEBUG_INFO = NO;
				SDKROOT = iphoneos;
				SWIFT_OPTIMIZATION_LEVEL = "-Owholemodule";
				VALIDATE_PRODUCT = YES;
			};
			name = Release;
		};
		00A937B01E358C1100DF3408 /* Debug */ = {
			isa = XCBuildConfiguration;
			buildSettings = {
				ASSETCATALOG_COMPILER_APPICON_NAME = AppIcon;
				DEVELOPMENT_TEAM = M2Q2S3Y7XA;
				INFOPLIST_FILE = Beacons/Info.plist;
				LD_RUNPATH_SEARCH_PATHS = "$(inherited) @executable_path/Frameworks";
				PRODUCT_BUNDLE_IDENTIFIER = com.zbrowne.Beacons;
				PRODUCT_NAME = "$(TARGET_NAME)";
				SWIFT_VERSION = 3.0;
			};
			name = Debug;
		};
		00A937B11E358C1100DF3408 /* Release */ = {
			isa = XCBuildConfiguration;
			buildSettings = {
				ASSETCATALOG_COMPILER_APPICON_NAME = AppIcon;
				DEVELOPMENT_TEAM = M2Q2S3Y7XA;
				INFOPLIST_FILE = Beacons/Info.plist;
				LD_RUNPATH_SEARCH_PATHS = "$(inherited) @executable_path/Frameworks";
				PRODUCT_BUNDLE_IDENTIFIER = com.zbrowne.Beacons;
				PRODUCT_NAME = "$(TARGET_NAME)";
				SWIFT_VERSION = 3.0;
			};
			name = Release;
		};
		00A937B31E358C1100DF3408 /* Debug */ = {
			isa = XCBuildConfiguration;
			buildSettings = {
				ALWAYS_EMBED_SWIFT_STANDARD_LIBRARIES = YES;
				BUNDLE_LOADER = "$(TEST_HOST)";
				DEVELOPMENT_TEAM = M2Q2S3Y7XA;
				INFOPLIST_FILE = BeaconsTests/Info.plist;
				LD_RUNPATH_SEARCH_PATHS = "$(inherited) @executable_path/Frameworks @loader_path/Frameworks";
				PRODUCT_BUNDLE_IDENTIFIER = com.zbrowne.BeaconsTests;
				PRODUCT_NAME = "$(TARGET_NAME)";
				SWIFT_VERSION = 3.0;
				TEST_HOST = "$(BUILT_PRODUCTS_DIR)/Beacons.app/Beacons";
			};
			name = Debug;
		};
		00A937B41E358C1100DF3408 /* Release */ = {
			isa = XCBuildConfiguration;
			buildSettings = {
				ALWAYS_EMBED_SWIFT_STANDARD_LIBRARIES = YES;
				BUNDLE_LOADER = "$(TEST_HOST)";
				DEVELOPMENT_TEAM = M2Q2S3Y7XA;
				INFOPLIST_FILE = BeaconsTests/Info.plist;
				LD_RUNPATH_SEARCH_PATHS = "$(inherited) @executable_path/Frameworks @loader_path/Frameworks";
				PRODUCT_BUNDLE_IDENTIFIER = com.zbrowne.BeaconsTests;
				PRODUCT_NAME = "$(TARGET_NAME)";
				SWIFT_VERSION = 3.0;
				TEST_HOST = "$(BUILT_PRODUCTS_DIR)/Beacons.app/Beacons";
			};
			name = Release;
		};
		00A937B61E358C1100DF3408 /* Debug */ = {
			isa = XCBuildConfiguration;
			buildSettings = {
				ALWAYS_EMBED_SWIFT_STANDARD_LIBRARIES = YES;
				DEVELOPMENT_TEAM = M2Q2S3Y7XA;
				INFOPLIST_FILE = BeaconsUITests/Info.plist;
				LD_RUNPATH_SEARCH_PATHS = "$(inherited) @executable_path/Frameworks @loader_path/Frameworks";
				PRODUCT_BUNDLE_IDENTIFIER = com.zbrowne.BeaconsUITests;
				PRODUCT_NAME = "$(TARGET_NAME)";
				SWIFT_VERSION = 3.0;
				TEST_TARGET_NAME = Beacons;
			};
			name = Debug;
		};
		00A937B71E358C1100DF3408 /* Release */ = {
			isa = XCBuildConfiguration;
			buildSettings = {
				ALWAYS_EMBED_SWIFT_STANDARD_LIBRARIES = YES;
				DEVELOPMENT_TEAM = M2Q2S3Y7XA;
				INFOPLIST_FILE = BeaconsUITests/Info.plist;
				LD_RUNPATH_SEARCH_PATHS = "$(inherited) @executable_path/Frameworks @loader_path/Frameworks";
				PRODUCT_BUNDLE_IDENTIFIER = com.zbrowne.BeaconsUITests;
				PRODUCT_NAME = "$(TARGET_NAME)";
				SWIFT_VERSION = 3.0;
				TEST_TARGET_NAME = Beacons;
			};
			name = Release;
		};
/* End XCBuildConfiguration section */

/* Begin XCConfigurationList section */
		00A937821E358C1000DF3408 /* Build configuration list for PBXProject "Beacons" */ = {
			isa = XCConfigurationList;
			buildConfigurations = (
				00A937AD1E358C1100DF3408 /* Debug */,
				00A937AE1E358C1100DF3408 /* Release */,
			);
			defaultConfigurationIsVisible = 0;
			defaultConfigurationName = Release;
		};
		00A937AF1E358C1100DF3408 /* Build configuration list for PBXNativeTarget "Beacons" */ = {
			isa = XCConfigurationList;
			buildConfigurations = (
				00A937B01E358C1100DF3408 /* Debug */,
				00A937B11E358C1100DF3408 /* Release */,
			);
			defaultConfigurationIsVisible = 0;
		};
		00A937B21E358C1100DF3408 /* Build configuration list for PBXNativeTarget "BeaconsTests" */ = {
			isa = XCConfigurationList;
			buildConfigurations = (
				00A937B31E358C1100DF3408 /* Debug */,
				00A937B41E358C1100DF3408 /* Release */,
			);
			defaultConfigurationIsVisible = 0;
		};
		00A937B51E358C1100DF3408 /* Build configuration list for PBXNativeTarget "BeaconsUITests" */ = {
			isa = XCConfigurationList;
			buildConfigurations = (
				00A937B61E358C1100DF3408 /* Debug */,
				00A937B71E358C1100DF3408 /* Release */,
			);
			defaultConfigurationIsVisible = 0;
		};
/* End XCConfigurationList section */
	};
	rootObject = 00A9377F1E358C1000DF3408 /* Project object */;
}
